
Microsoft Visual Studio Solution File, Format Version 12.00
# Visual Studio 15
VisualStudioVersion = 15.0.28307.757
MinimumVisualStudioVersion = 10.0.40219.1
Project("{FAE04EC0-301F-11D3-BF4B-00C04F79EFBC}") = "Lesson 29.11.2020", "Lesson 29.11.2020\Lesson 29.11.2020.csproj", "{7F1FDB56-0352-44F4-94F7-F5AFF6C56A24}"
EndProject
Global
	GlobalSection(SolutionConfigurationPlatforms) = preSolution
		Debug|Any CPU = Debug|Any CPU
		Release|Any CPU = Release|Any CPU
	EndGlobalSection
	GlobalSection(ProjectConfigurationPlatforms) = postSolution
		{7F1FDB56-0352-44F4-94F7-F5AFF6C56A24}.Debug|Any CPU.ActiveCfg = Debug|Any CPU
		{7F1FDB56-0352-44F4-94F7-F5AFF6C56A24}.Debug|Any CPU.Build.0 = Debug|Any CPU
		{7F1FDB56-0352-44F4-94F7-F5AFF6C56A24}.Release|Any CPU.ActiveCfg = Release|Any CPU
		{7F1FDB56-0352-44F4-94F7-F5AFF6C56A24}.Release|Any CPU.Build.0 = Release|Any CPU
	EndGlobalSection
	GlobalSection(SolutionProperties) = preSolution
		HideSolutionNode = FALSE
	EndGlobalSection
	GlobalSection(ExtensibilityGlobals) = postSolution
		SolutionGuid = {247A463E-F98F-4F2D-B26F-1028A8216EA3}
	EndGlobalSection
EndGlobal
