
Microsoft Visual Studio Solution File, Format Version 12.00
# Visual Studio 15
VisualStudioVersion = 15.0.28307.757
MinimumVisualStudioVersion = 10.0.40219.1
Project("{FAE04EC0-301F-11D3-BF4B-00C04F79EFBC}") = "TaskApp", "TaskApp\TaskApp.csproj", "{ACB7286B-2485-4CF1-8D8A-D846A0F5224B}"
EndProject
Global
	GlobalSection(SolutionConfigurationPlatforms) = preSolution
		Debug|Any CPU = Debug|Any CPU
		Release|Any CPU = Release|Any CPU
	EndGlobalSection
	GlobalSection(ProjectConfigurationPlatforms) = postSolution
		{ACB7286B-2485-4CF1-8D8A-D846A0F5224B}.Debug|Any CPU.ActiveCfg = Debug|Any CPU
		{ACB7286B-2485-4CF1-8D8A-D846A0F5224B}.Debug|Any CPU.Build.0 = Debug|Any CPU
		{ACB7286B-2485-4CF1-8D8A-D846A0F5224B}.Release|Any CPU.ActiveCfg = Release|Any CPU
		{ACB7286B-2485-4CF1-8D8A-D846A0F5224B}.Release|Any CPU.Build.0 = Release|Any CPU
	EndGlobalSection
	GlobalSection(SolutionProperties) = preSolution
		HideSolutionNode = FALSE
	EndGlobalSection
	GlobalSection(ExtensibilityGlobals) = postSolution
		SolutionGuid = {E59A04F3-0566-40E2-A390-260A335B4FC2}
	EndGlobalSection
EndGlobal
